
Microsoft Visual Studio Solution File, Format Version 12.00
# Visual Studio 15
VisualStudioVersion = 15.0.26124.0
MinimumVisualStudioVersion = 15.0.26124.0
Project("{2150E333-8FDC-42A3-9474-1A3956D46DE8}") = "1 - Application", "1 - Application", "{6306A567-0276-4691-B852-3294FF68071C}"
EndProject
Project("{FAE04EC0-301F-11D3-BF4B-00C04F79EFBC}") = "BasicArch.Application", "src\BasicArch.Application\BasicArch.Application.csproj", "{DC02118A-C665-4C54-BB69-E3318AA5365D}"
EndProject
Project("{2150E333-8FDC-42A3-9474-1A3956D46DE8}") = "2 - Domain", "2 - Domain", "{619CD926-58EB-4DA8-8B77-8DFE793214C3}"
EndProject
Project("{FAE04EC0-301F-11D3-BF4B-00C04F79EFBC}") = "BasicArch.Domain", "src\BasicArch.Domain\BasicArch.Domain.csproj", "{3E45ED06-95A3-46F3-9DDA-CC73A0708E4A}"
EndProject
Project("{FAE04EC0-301F-11D3-BF4B-00C04F79EFBC}") = "BasicArch.Domain.Core", "src\BasicArch.Domain.Core\BasicArch.Domain.Core.csproj", "{4949403D-ED04-4EA9-9C26-82EF579AC593}"
EndProject
Project("{2150E333-8FDC-42A3-9474-1A3956D46DE8}") = "3 - Infra", "3 - Infra", "{153E44AD-0832-48B0-A4E9-575E9803F7C4}"
EndProject
Project("{FAE04EC0-301F-11D3-BF4B-00C04F79EFBC}") = "BasicArch.Infra.Bus", "src\BasicArch.Infra.Bus\BasicArch.Infra.Bus.csproj", "{9B978976-0568-4D36-923E-F85BF28E030B}"
EndProject
Project("{FAE04EC0-301F-11D3-BF4B-00C04F79EFBC}") = "BasicArch.Infra.Data", "src\BasicArch.Infra.Data\BasicArch.Infra.Data.csproj", "{3B21A095-2DA3-4E2A-A27D-2BAD878219F8}"
EndProject
Project("{FAE04EC0-301F-11D3-BF4B-00C04F79EFBC}") = "BasicArch.Infra.IoC", "src\BasicArch.Infra.IoC\BasicArch.Infra.IoC.csproj", "{72AB0722-174F-4A3A-8D8F-C217E0072F16}"
EndProject
Project("{FAE04EC0-301F-11D3-BF4B-00C04F79EFBC}") = "BasicArch.Api", "src\BasicArch.Api\BasicArch.Api.csproj", "{E90E16C4-0E61-4471-AE33-C6663062363D}"
EndProject
Global
	GlobalSection(SolutionConfigurationPlatforms) = preSolution
		Debug|Any CPU = Debug|Any CPU
		Debug|x64 = Debug|x64
		Debug|x86 = Debug|x86
		Release|Any CPU = Release|Any CPU
		Release|x64 = Release|x64
		Release|x86 = Release|x86
	EndGlobalSection
	GlobalSection(SolutionProperties) = preSolution
		HideSolutionNode = FALSE
	EndGlobalSection
	GlobalSection(ProjectConfigurationPlatforms) = postSolution
		{DC02118A-C665-4C54-BB69-E3318AA5365D}.Debug|Any CPU.ActiveCfg = Debug|Any CPU
		{DC02118A-C665-4C54-BB69-E3318AA5365D}.Debug|Any CPU.Build.0 = Debug|Any CPU
		{DC02118A-C665-4C54-BB69-E3318AA5365D}.Debug|x64.ActiveCfg = Debug|Any CPU
		{DC02118A-C665-4C54-BB69-E3318AA5365D}.Debug|x64.Build.0 = Debug|Any CPU
		{DC02118A-C665-4C54-BB69-E3318AA5365D}.Debug|x86.ActiveCfg = Debug|Any CPU
		{DC02118A-C665-4C54-BB69-E3318AA5365D}.Debug|x86.Build.0 = Debug|Any CPU
		{DC02118A-C665-4C54-BB69-E3318AA5365D}.Release|Any CPU.ActiveCfg = Release|Any CPU
		{DC02118A-C665-4C54-BB69-E3318AA5365D}.Release|Any CPU.Build.0 = Release|Any CPU
		{DC02118A-C665-4C54-BB69-E3318AA5365D}.Release|x64.ActiveCfg = Release|Any CPU
		{DC02118A-C665-4C54-BB69-E3318AA5365D}.Release|x64.Build.0 = Release|Any CPU
		{DC02118A-C665-4C54-BB69-E3318AA5365D}.Release|x86.ActiveCfg = Release|Any CPU
		{DC02118A-C665-4C54-BB69-E3318AA5365D}.Release|x86.Build.0 = Release|Any CPU
		{3E45ED06-95A3-46F3-9DDA-CC73A0708E4A}.Debug|Any CPU.ActiveCfg = Debug|Any CPU
		{3E45ED06-95A3-46F3-9DDA-CC73A0708E4A}.Debug|Any CPU.Build.0 = Debug|Any CPU
		{3E45ED06-95A3-46F3-9DDA-CC73A0708E4A}.Debug|x64.ActiveCfg = Debug|Any CPU
		{3E45ED06-95A3-46F3-9DDA-CC73A0708E4A}.Debug|x64.Build.0 = Debug|Any CPU
		{3E45ED06-95A3-46F3-9DDA-CC73A0708E4A}.Debug|x86.ActiveCfg = Debug|Any CPU
		{3E45ED06-95A3-46F3-9DDA-CC73A0708E4A}.Debug|x86.Build.0 = Debug|Any CPU
		{3E45ED06-95A3-46F3-9DDA-CC73A0708E4A}.Release|Any CPU.ActiveCfg = Release|Any CPU
		{3E45ED06-95A3-46F3-9DDA-CC73A0708E4A}.Release|Any CPU.Build.0 = Release|Any CPU
		{3E45ED06-95A3-46F3-9DDA-CC73A0708E4A}.Release|x64.ActiveCfg = Release|Any CPU
		{3E45ED06-95A3-46F3-9DDA-CC73A0708E4A}.Release|x64.Build.0 = Release|Any CPU
		{3E45ED06-95A3-46F3-9DDA-CC73A0708E4A}.Release|x86.ActiveCfg = Release|Any CPU
		{3E45ED06-95A3-46F3-9DDA-CC73A0708E4A}.Release|x86.Build.0 = Release|Any CPU
		{4949403D-ED04-4EA9-9C26-82EF579AC593}.Debug|Any CPU.ActiveCfg = Debug|Any CPU
		{4949403D-ED04-4EA9-9C26-82EF579AC593}.Debug|Any CPU.Build.0 = Debug|Any CPU
		{4949403D-ED04-4EA9-9C26-82EF579AC593}.Debug|x64.ActiveCfg = Debug|Any CPU
		{4949403D-ED04-4EA9-9C26-82EF579AC593}.Debug|x64.Build.0 = Debug|Any CPU
		{4949403D-ED04-4EA9-9C26-82EF579AC593}.Debug|x86.ActiveCfg = Debug|Any CPU
		{4949403D-ED04-4EA9-9C26-82EF579AC593}.Debug|x86.Build.0 = Debug|Any CPU
		{4949403D-ED04-4EA9-9C26-82EF579AC593}.Release|Any CPU.ActiveCfg = Release|Any CPU
		{4949403D-ED04-4EA9-9C26-82EF579AC593}.Release|Any CPU.Build.0 = Release|Any CPU
		{4949403D-ED04-4EA9-9C26-82EF579AC593}.Release|x64.ActiveCfg = Release|Any CPU
		{4949403D-ED04-4EA9-9C26-82EF579AC593}.Release|x64.Build.0 = Release|Any CPU
		{4949403D-ED04-4EA9-9C26-82EF579AC593}.Release|x86.ActiveCfg = Release|Any CPU
		{4949403D-ED04-4EA9-9C26-82EF579AC593}.Release|x86.Build.0 = Release|Any CPU
		{9B978976-0568-4D36-923E-F85BF28E030B}.Debug|Any CPU.ActiveCfg = Debug|Any CPU
		{9B978976-0568-4D36-923E-F85BF28E030B}.Debug|Any CPU.Build.0 = Debug|Any CPU
		{9B978976-0568-4D36-923E-F85BF28E030B}.Debug|x64.ActiveCfg = Debug|Any CPU
		{9B978976-0568-4D36-923E-F85BF28E030B}.Debug|x64.Build.0 = Debug|Any CPU
		{9B978976-0568-4D36-923E-F85BF28E030B}.Debug|x86.ActiveCfg = Debug|Any CPU
		{9B978976-0568-4D36-923E-F85BF28E030B}.Debug|x86.Build.0 = Debug|Any CPU
		{9B978976-0568-4D36-923E-F85BF28E030B}.Release|Any CPU.ActiveCfg = Release|Any CPU
		{9B978976-0568-4D36-923E-F85BF28E030B}.Release|Any CPU.Build.0 = Release|Any CPU
		{9B978976-0568-4D36-923E-F85BF28E030B}.Release|x64.ActiveCfg = Release|Any CPU
		{9B978976-0568-4D36-923E-F85BF28E030B}.Release|x64.Build.0 = Release|Any CPU
		{9B978976-0568-4D36-923E-F85BF28E030B}.Release|x86.ActiveCfg = Release|Any CPU
		{9B978976-0568-4D36-923E-F85BF28E030B}.Release|x86.Build.0 = Release|Any CPU
		{3B21A095-2DA3-4E2A-A27D-2BAD878219F8}.Debug|Any CPU.ActiveCfg = Debug|Any CPU
		{3B21A095-2DA3-4E2A-A27D-2BAD878219F8}.Debug|Any CPU.Build.0 = Debug|Any CPU
		{3B21A095-2DA3-4E2A-A27D-2BAD878219F8}.Debug|x64.ActiveCfg = Debug|Any CPU
		{3B21A095-2DA3-4E2A-A27D-2BAD878219F8}.Debug|x64.Build.0 = Debug|Any CPU
		{3B21A095-2DA3-4E2A-A27D-2BAD878219F8}.Debug|x86.ActiveCfg = Debug|Any CPU
		{3B21A095-2DA3-4E2A-A27D-2BAD878219F8}.Debug|x86.Build.0 = Debug|Any CPU
		{3B21A095-2DA3-4E2A-A27D-2BAD878219F8}.Release|Any CPU.ActiveCfg = Release|Any CPU
		{3B21A095-2DA3-4E2A-A27D-2BAD878219F8}.Release|Any CPU.Build.0 = Release|Any CPU
		{3B21A095-2DA3-4E2A-A27D-2BAD878219F8}.Release|x64.ActiveCfg = Release|Any CPU
		{3B21A095-2DA3-4E2A-A27D-2BAD878219F8}.Release|x64.Build.0 = Release|Any CPU
		{3B21A095-2DA3-4E2A-A27D-2BAD878219F8}.Release|x86.ActiveCfg = Release|Any CPU
		{3B21A095-2DA3-4E2A-A27D-2BAD878219F8}.Release|x86.Build.0 = Release|Any CPU
		{72AB0722-174F-4A3A-8D8F-C217E0072F16}.Debug|Any CPU.ActiveCfg = Debug|Any CPU
		{72AB0722-174F-4A3A-8D8F-C217E0072F16}.Debug|Any CPU.Build.0 = Debug|Any CPU
		{72AB0722-174F-4A3A-8D8F-C217E0072F16}.Debug|x64.ActiveCfg = Debug|Any CPU
		{72AB0722-174F-4A3A-8D8F-C217E0072F16}.Debug|x64.Build.0 = Debug|Any CPU
		{72AB0722-174F-4A3A-8D8F-C217E0072F16}.Debug|x86.ActiveCfg = Debug|Any CPU
		{72AB0722-174F-4A3A-8D8F-C217E0072F16}.Debug|x86.Build.0 = Debug|Any CPU
		{72AB0722-174F-4A3A-8D8F-C217E0072F16}.Release|Any CPU.ActiveCfg = Release|Any CPU
		{72AB0722-174F-4A3A-8D8F-C217E0072F16}.Release|Any CPU.Build.0 = Release|Any CPU
		{72AB0722-174F-4A3A-8D8F-C217E0072F16}.Release|x64.ActiveCfg = Release|Any CPU
		{72AB0722-174F-4A3A-8D8F-C217E0072F16}.Release|x64.Build.0 = Release|Any CPU
		{72AB0722-174F-4A3A-8D8F-C217E0072F16}.Release|x86.ActiveCfg = Release|Any CPU
		{72AB0722-174F-4A3A-8D8F-C217E0072F16}.Release|x86.Build.0 = Release|Any CPU
		{E90E16C4-0E61-4471-AE33-C6663062363D}.Debug|Any CPU.ActiveCfg = Debug|Any CPU
		{E90E16C4-0E61-4471-AE33-C6663062363D}.Debug|Any CPU.Build.0 = Debug|Any CPU
		{E90E16C4-0E61-4471-AE33-C6663062363D}.Debug|x64.ActiveCfg = Debug|Any CPU
		{E90E16C4-0E61-4471-AE33-C6663062363D}.Debug|x64.Build.0 = Debug|Any CPU
		{E90E16C4-0E61-4471-AE33-C6663062363D}.Debug|x86.ActiveCfg = Debug|Any CPU
		{E90E16C4-0E61-4471-AE33-C6663062363D}.Debug|x86.Build.0 = Debug|Any CPU
		{E90E16C4-0E61-4471-AE33-C6663062363D}.Release|Any CPU.ActiveCfg = Release|Any CPU
		{E90E16C4-0E61-4471-AE33-C6663062363D}.Release|Any CPU.Build.0 = Release|Any CPU
		{E90E16C4-0E61-4471-AE33-C6663062363D}.Release|x64.ActiveCfg = Release|Any CPU
		{E90E16C4-0E61-4471-AE33-C6663062363D}.Release|x64.Build.0 = Release|Any CPU
		{E90E16C4-0E61-4471-AE33-C6663062363D}.Release|x86.ActiveCfg = Release|Any CPU
		{E90E16C4-0E61-4471-AE33-C6663062363D}.Release|x86.Build.0 = Release|Any CPU
	EndGlobalSection
	GlobalSection(NestedProjects) = preSolution
		{DC02118A-C665-4C54-BB69-E3318AA5365D} = {6306A567-0276-4691-B852-3294FF68071C}
		{3E45ED06-95A3-46F3-9DDA-CC73A0708E4A} = {619CD926-58EB-4DA8-8B77-8DFE793214C3}
		{4949403D-ED04-4EA9-9C26-82EF579AC593} = {619CD926-58EB-4DA8-8B77-8DFE793214C3}
		{9B978976-0568-4D36-923E-F85BF28E030B} = {153E44AD-0832-48B0-A4E9-575E9803F7C4}
		{3B21A095-2DA3-4E2A-A27D-2BAD878219F8} = {153E44AD-0832-48B0-A4E9-575E9803F7C4}
		{72AB0722-174F-4A3A-8D8F-C217E0072F16} = {153E44AD-0832-48B0-A4E9-575E9803F7C4}
		{E90E16C4-0E61-4471-AE33-C6663062363D} = {6306A567-0276-4691-B852-3294FF68071C}
	EndGlobalSection
EndGlobal
